{
  "name": "full-stack",
  "requires": true,
  "lockfileVersion": 1,
  "dependencies": {
    "prettier": {
      "version": "2.7.1",
      "resolved": "https://registry.npmjs.org/prettier/-/prettier-2.7.1.tgz",
      "integrity": "sha512-ujppO+MkdPqoVINuDFDRLClm7D78qbDt0/NR+wp5FqEZOoTNAjPHWj17QRhu7geIHJfcNhRk1XVQmF8Bp3ye+g==",
      "dev": true
    },
    "xcurl": {
      "version": "1.8.3",
      "resolved": "https://registry.npmjs.org/xcurl/-/xcurl-1.8.3.tgz",
      "integrity": "sha512-ue0Ne8k2VQwvEJHYk0RaMMGOfA4MWEHDwxDbIgfj4gx5D+/wocVdKWTcnYdEHsmYIT+Elf//h9js5Iz89jLWkg=="
    }
  }
}
